
Microsoft Visual Studio Solution File, Format Version 12.00
# Visual Studio 14
VisualStudioVersion = 14.0.25420.1
MinimumVisualStudioVersion = 10.0.40219.1
Project("{FAE04EC0-301F-11D3-BF4B-00C04F79EFBC}") = "WintrackWebAPI", "WintrackWebAPI\WintrackWebAPI.csproj", "{3DE53596-C0A0-4B41-B83B-66399AEC089A}"
EndProject
Project("{FAE04EC0-301F-11D3-BF4B-00C04F79EFBC}") = "WintrackEntities", "WintrackEntities\WintrackEntities.csproj", "{E20344D0-2161-4E7F-B015-838C6312E7AA}"
EndProject
Project("{FAE04EC0-301F-11D3-BF4B-00C04F79EFBC}") = "WintrackBO", "WintrackBO\WintrackBO.csproj", "{3397C765-4988-4DC4-8EF7-64D1BAF572D6}"
EndProject
Project("{FAE04EC0-301F-11D3-BF4B-00C04F79EFBC}") = "WintrackDAO", "WintrackDAO\WintrackDAO.csproj", "{8A994544-FF61-4E1C-80E4-410B63301C9C}"
EndProject
Project("{FAE04EC0-301F-11D3-BF4B-00C04F79EFBC}") = "WintrackExceptionHandler", "WintrackExceptionHandler\WintrackExceptionHandler.csproj", "{75DD0FFD-353A-431C-A5A8-41170CF88DF2}"
EndProject
Global
	GlobalSection(SolutionConfigurationPlatforms) = preSolution
		Debug|Any CPU = Debug|Any CPU
		Release|Any CPU = Release|Any CPU
	EndGlobalSection
	GlobalSection(ProjectConfigurationPlatforms) = postSolution
		{3DE53596-C0A0-4B41-B83B-66399AEC089A}.Debug|Any CPU.ActiveCfg = Debug|Any CPU
		{3DE53596-C0A0-4B41-B83B-66399AEC089A}.Debug|Any CPU.Build.0 = Debug|Any CPU
		{3DE53596-C0A0-4B41-B83B-66399AEC089A}.Release|Any CPU.ActiveCfg = Release|Any CPU
		{3DE53596-C0A0-4B41-B83B-66399AEC089A}.Release|Any CPU.Build.0 = Release|Any CPU
		{E20344D0-2161-4E7F-B015-838C6312E7AA}.Debug|Any CPU.ActiveCfg = Debug|Any CPU
		{E20344D0-2161-4E7F-B015-838C6312E7AA}.Debug|Any CPU.Build.0 = Debug|Any CPU
		{E20344D0-2161-4E7F-B015-838C6312E7AA}.Release|Any CPU.ActiveCfg = Release|Any CPU
		{E20344D0-2161-4E7F-B015-838C6312E7AA}.Release|Any CPU.Build.0 = Release|Any CPU
		{3397C765-4988-4DC4-8EF7-64D1BAF572D6}.Debug|Any CPU.ActiveCfg = Debug|Any CPU
		{3397C765-4988-4DC4-8EF7-64D1BAF572D6}.Debug|Any CPU.Build.0 = Debug|Any CPU
		{3397C765-4988-4DC4-8EF7-64D1BAF572D6}.Release|Any CPU.ActiveCfg = Release|Any CPU
		{3397C765-4988-4DC4-8EF7-64D1BAF572D6}.Release|Any CPU.Build.0 = Release|Any CPU
		{8A994544-FF61-4E1C-80E4-410B63301C9C}.Debug|Any CPU.ActiveCfg = Debug|Any CPU
		{8A994544-FF61-4E1C-80E4-410B63301C9C}.Debug|Any CPU.Build.0 = Debug|Any CPU
		{8A994544-FF61-4E1C-80E4-410B63301C9C}.Release|Any CPU.ActiveCfg = Release|Any CPU
		{8A994544-FF61-4E1C-80E4-410B63301C9C}.Release|Any CPU.Build.0 = Release|Any CPU
		{75DD0FFD-353A-431C-A5A8-41170CF88DF2}.Debug|Any CPU.ActiveCfg = Debug|Any CPU
		{75DD0FFD-353A-431C-A5A8-41170CF88DF2}.Debug|Any CPU.Build.0 = Debug|Any CPU
		{75DD0FFD-353A-431C-A5A8-41170CF88DF2}.Release|Any CPU.ActiveCfg = Release|Any CPU
		{75DD0FFD-353A-431C-A5A8-41170CF88DF2}.Release|Any CPU.Build.0 = Release|Any CPU
	EndGlobalSection
	GlobalSection(SolutionProperties) = preSolution
		HideSolutionNode = FALSE
	EndGlobalSection
EndGlobal
